
Microsoft Visual Studio Solution File, Format Version 12.00
# Visual Studio 15
VisualStudioVersion = 15.0.27004.2002
MinimumVisualStudioVersion = 10.0.40219.1
Project("{FAE04EC0-301F-11D3-BF4B-00C04F79EFBC}") = "XYZReservationSystem", "XYZReservationSystem\XYZReservationSystem.csproj", "{340968D7-AAF8-4AA6-857A-ED70B0C352C1}"
EndProject
Project("{FAE04EC0-301F-11D3-BF4B-00C04F79EFBC}") = "XYZReservationSystem.Library", "XYZReservationSystem.Library\XYZReservationSystem.Library.csproj", "{BC16D98A-18B4-401C-8B72-DED816979940}"
EndProject
Project("{FAE04EC0-301F-11D3-BF4B-00C04F79EFBC}") = "XYZReservationSystem.Library.Tests", "XYZReservationSystem.Library.Tests\XYZReservationSystem.Library.Tests.csproj", "{1D8D4A15-972A-43ED-8F63-53279208EB48}"
EndProject
Global
	GlobalSection(SolutionConfigurationPlatforms) = preSolution
		Debug|Any CPU = Debug|Any CPU
		Release|Any CPU = Release|Any CPU
	EndGlobalSection
	GlobalSection(ProjectConfigurationPlatforms) = postSolution
		{340968D7-AAF8-4AA6-857A-ED70B0C352C1}.Debug|Any CPU.ActiveCfg = Debug|Any CPU
		{340968D7-AAF8-4AA6-857A-ED70B0C352C1}.Debug|Any CPU.Build.0 = Debug|Any CPU
		{340968D7-AAF8-4AA6-857A-ED70B0C352C1}.Release|Any CPU.ActiveCfg = Release|Any CPU
		{340968D7-AAF8-4AA6-857A-ED70B0C352C1}.Release|Any CPU.Build.0 = Release|Any CPU
		{BC16D98A-18B4-401C-8B72-DED816979940}.Debug|Any CPU.ActiveCfg = Debug|Any CPU
		{BC16D98A-18B4-401C-8B72-DED816979940}.Debug|Any CPU.Build.0 = Debug|Any CPU
		{BC16D98A-18B4-401C-8B72-DED816979940}.Release|Any CPU.ActiveCfg = Release|Any CPU
		{BC16D98A-18B4-401C-8B72-DED816979940}.Release|Any CPU.Build.0 = Release|Any CPU
		{1D8D4A15-972A-43ED-8F63-53279208EB48}.Debug|Any CPU.ActiveCfg = Debug|Any CPU
		{1D8D4A15-972A-43ED-8F63-53279208EB48}.Debug|Any CPU.Build.0 = Debug|Any CPU
		{1D8D4A15-972A-43ED-8F63-53279208EB48}.Release|Any CPU.ActiveCfg = Release|Any CPU
		{1D8D4A15-972A-43ED-8F63-53279208EB48}.Release|Any CPU.Build.0 = Release|Any CPU
	EndGlobalSection
	GlobalSection(SolutionProperties) = preSolution
		HideSolutionNode = FALSE
	EndGlobalSection
	GlobalSection(ExtensibilityGlobals) = postSolution
		SolutionGuid = {A501FC6D-8E17-4097-B3F0-F581A18E7BB3}
	EndGlobalSection
EndGlobal
